
Microsoft Visual Studio Solution File, Format Version 12.00
# Visual Studio Version 16
VisualStudioVersion = 16.0.30320.27
MinimumVisualStudioVersion = 10.0.40219.1
Project("{8BC9CEB8-8B4A-11D0-8D11-00A0C91BC942}") = "Problema1PP", "Problema1PP\Problema1PP.vcxproj", "{E75909AF-5BE0-4A84-88F4-19D6CC43E1C0}"
EndProject
Global
	GlobalSection(SolutionConfigurationPlatforms) = preSolution
		Debug|x64 = Debug|x64
		Debug|x86 = Debug|x86
		Release|x64 = Release|x64
		Release|x86 = Release|x86
	EndGlobalSection
	GlobalSection(ProjectConfigurationPlatforms) = postSolution
		{E75909AF-5BE0-4A84-88F4-19D6CC43E1C0}.Debug|x64.ActiveCfg = Debug|x64
		{E75909AF-5BE0-4A84-88F4-19D6CC43E1C0}.Debug|x64.Build.0 = Debug|x64
		{E75909AF-5BE0-4A84-88F4-19D6CC43E1C0}.Debug|x86.ActiveCfg = Debug|Win32
		{E75909AF-5BE0-4A84-88F4-19D6CC43E1C0}.Debug|x86.Build.0 = Debug|Win32
		{E75909AF-5BE0-4A84-88F4-19D6CC43E1C0}.Release|x64.ActiveCfg = Release|x64
		{E75909AF-5BE0-4A84-88F4-19D6CC43E1C0}.Release|x64.Build.0 = Release|x64
		{E75909AF-5BE0-4A84-88F4-19D6CC43E1C0}.Release|x86.ActiveCfg = Release|Win32
		{E75909AF-5BE0-4A84-88F4-19D6CC43E1C0}.Release|x86.Build.0 = Release|Win32
	EndGlobalSection
	GlobalSection(SolutionProperties) = preSolution
		HideSolutionNode = FALSE
	EndGlobalSection
	GlobalSection(ExtensibilityGlobals) = postSolution
		SolutionGuid = {56815346-2155-4DA1-B703-AB90179A1D36}
	EndGlobalSection
EndGlobal
